// !$*UTF8*$!
{
	archiveVersion = 1;
	classes = {
	};
	objectVersion = 46;
	objects = {

/* Begin PBXBuildFile section */
		554AF1121DDCECDD00AC6899 /* main.m in Sources */ = {isa = PBXBuildFile; fileRef = 554AF1111DDCECDD00AC6899 /* main.m */; };
		554AF1151DDCECDD00AC6899 /* AppDelegate.m in Sources */ = {isa = PBXBuildFile; fileRef = 554AF1141DDCECDD00AC6899 /* AppDelegate.m */; };
		554AF1181DDCECDD00AC6899 /* ViewController.m in Sources */ = {isa = PBXBuildFile; fileRef = 554AF1171DDCECDD00AC6899 /* ViewController.m */; };
		554AF11B1DDCECDD00AC6899 /* Main.storyboard in Resources */ = {isa = PBXBuildFile; fileRef = 554AF1191DDCECDD00AC6899 /* Main.storyboard */; };
		554AF11D1DDCECDD00AC6899 /* Assets.xcassets in Resources */ = {isa = PBXBuildFile; fileRef = 554AF11C1DDCECDD00AC6899 /* Assets.xcassets */; };
		554AF1201DDCECDD00AC6899 /* LaunchScreen.storyboard in Resources */ = {isa = PBXBuildFile; fileRef = 554AF11E1DDCECDD00AC6899 /* LaunchScreen.storyboard */; };
		554AF1291DDCED0500AC6899 /* Student.m in Sources */ = {isa = PBXBuildFile; fileRef = 554AF1281DDCED0500AC6899 /* Student.m */; };
		554AF12F1DDCF55300AC6899 /* StudentStore.m in Sources */ = {isa = PBXBuildFile; fileRef = 554AF12E1DDCF55300AC6899 /* StudentStore.m */; };
		554AF1321DDD0EBC00AC6899 /* StudentTableViewCell.m in Sources */ = {isa = PBXBuildFile; fileRef = 554AF1311DDD0EBC00AC6899 /* StudentTableViewCell.m */; };
		554AF15C1DDE7C8300AC6899 /* AddStudent.storyboard in Resources */ = {isa = PBXBuildFile; fileRef = 554AF15B1DDE7C8300AC6899 /* AddStudent.storyboard */; };
		554AF15F1DDE88FE00AC6899 /* AddStudentViewController.m in Sources */ = {isa = PBXBuildFile; fileRef = 554AF15E1DDE88FE00AC6899 /* AddStudentViewController.m */; };
/* End PBXBuildFile section */

/* Begin PBXFileReference section */
		554AF10D1DDCECDD00AC6899 /* ClassRoster.app */ = {isa = PBXFileReference; explicitFileType = wrapper.application; includeInIndex = 0; path = ClassRoster.app; sourceTree = BUILT_PRODUCTS_DIR; };
		554AF1111DDCECDD00AC6899 /* main.m */ = {isa = PBXFileReference; lastKnownFileType = sourcecode.c.objc; path = main.m; sourceTree = "<group>"; };
		554AF1131DDCECDD00AC6899 /* AppDelegate.h */ = {isa = PBXFileReference; lastKnownFileType = sourcecode.c.h; path = AppDelegate.h; sourceTree = "<group>"; };
		554AF1141DDCECDD00AC6899 /* AppDelegate.m */ = {isa = PBXFileReference; lastKnownFileType = sourcecode.c.objc; path = AppDelegate.m; sourceTree = "<group>"; };
		554AF1161DDCECDD00AC6899 /* ViewController.h */ = {isa = PBXFileReference; lastKnownFileType = sourcecode.c.h; path = ViewController.h; sourceTree = "<group>"; };
		554AF1171DDCECDD00AC6899 /* ViewController.m */ = {isa = PBXFileReference; lastKnownFileType = sourcecode.c.objc; path = ViewController.m; sourceTree = "<group>"; };
		554AF11A1DDCECDD00AC6899 /* Base */ = {isa = PBXFileReference; lastKnownFileType = file.storyboard; name = Base; path = Base.lproj/Main.storyboard; sourceTree = "<group>"; };
		554AF11C1DDCECDD00AC6899 /* Assets.xcassets */ = {isa = PBXFileReference; lastKnownFileType = folder.assetcatalog; path = Assets.xcassets; sourceTree = "<group>"; };
		554AF11F1DDCECDD00AC6899 /* Base */ = {isa = PBXFileReference; lastKnownFileType = file.storyboard; name = Base; path = Base.lproj/LaunchScreen.storyboard; sourceTree = "<group>"; };
		554AF1211DDCECDD00AC6899 /* Info.plist */ = {isa = PBXFileReference; lastKnownFileType = text.plist.xml; path = Info.plist; sourceTree = "<group>"; };
		554AF1271DDCED0500AC6899 /* Student.h */ = {isa = PBXFileReference; fileEncoding = 4; lastKnownFileType = sourcecode.c.h; path = Student.h; sourceTree = "<group>"; };
		554AF1281DDCED0500AC6899 /* Student.m */ = {isa = PBXFileReference; fileEncoding = 4; lastKnownFileType = sourcecode.c.objc; path = Student.m; sourceTree = "<group>"; };
		554AF12D1DDCF55300AC6899 /* StudentStore.h */ = {isa = PBXFileReference; fileEncoding = 4; lastKnownFileType = sourcecode.c.h; path = StudentStore.h; sourceTree = "<group>"; };
		554AF12E1DDCF55300AC6899 /* StudentStore.m */ = {isa = PBXFileReference; fileEncoding = 4; lastKnownFileType = sourcecode.c.objc; path = StudentStore.m; sourceTree = "<group>"; };
		554AF1301DDD0EBC00AC6899 /* StudentTableViewCell.h */ = {isa = PBXFileReference; fileEncoding = 4; lastKnownFileType = sourcecode.c.h; path = StudentTableViewCell.h; sourceTree = "<group>"; };
		554AF1311DDD0EBC00AC6899 /* StudentTableViewCell.m */ = {isa = PBXFileReference; fileEncoding = 4; lastKnownFileType = sourcecode.c.objc; path = StudentTableViewCell.m; sourceTree = "<group>"; };
		554AF15B1DDE7C8300AC6899 /* AddStudent.storyboard */ = {isa = PBXFileReference; fileEncoding = 4; lastKnownFileType = file.storyboard; path = AddStudent.storyboard; sourceTree = "<group>"; };
		554AF15D1DDE88FE00AC6899 /* AddStudentViewController.h */ = {isa = PBXFileReference; fileEncoding = 4; lastKnownFileType = sourcecode.c.h; path = AddStudentViewController.h; sourceTree = "<group>"; };
		554AF15E1DDE88FE00AC6899 /* AddStudentViewController.m */ = {isa = PBXFileReference; fileEncoding = 4; lastKnownFileType = sourcecode.c.objc; path = AddStudentViewController.m; sourceTree = "<group>"; };
/* End PBXFileReference section */

/* Begin PBXFrameworksBuildPhase section */
		554AF10A1DDCECDD00AC6899 /* Frameworks */ = {
			isa = PBXFrameworksBuildPhase;
			buildActionMask = 2147483647;
			files = (
			);
			runOnlyForDeploymentPostprocessing = 0;
		};
/* End PBXFrameworksBuildPhase section */

/* Begin PBXGroup section */
		554AF1041DDCECDD00AC6899 = {
			isa = PBXGroup;
			children = (
				554AF10F1DDCECDD00AC6899 /* ClassRoster */,
				554AF10E1DDCECDD00AC6899 /* Products */,
			);
			sourceTree = "<group>";
		};
		554AF10E1DDCECDD00AC6899 /* Products */ = {
			isa = PBXGroup;
			children = (
				554AF10D1DDCECDD00AC6899 /* ClassRoster.app */,
			);
			name = Products;
			sourceTree = "<group>";
		};
		554AF10F1DDCECDD00AC6899 /* ClassRoster */ = {
			isa = PBXGroup;
			children = (
				554AF12B1DDCED1900AC6899 /* Model */,
				554AF12A1DDCED0E00AC6899 /* Controller */,
				554AF12C1DDCF43A00AC6899 /* View */,
				554AF1101DDCECDD00AC6899 /* Supporting Files */,
			);
			path = ClassRoster;
			sourceTree = "<group>";
		};
		554AF1101DDCECDD00AC6899 /* Supporting Files */ = {
			isa = PBXGroup;
			children = (
				554AF11C1DDCECDD00AC6899 /* Assets.xcassets */,
				554AF1131DDCECDD00AC6899 /* AppDelegate.h */,
				554AF1141DDCECDD00AC6899 /* AppDelegate.m */,
				554AF1211DDCECDD00AC6899 /* Info.plist */,
				554AF1111DDCECDD00AC6899 /* main.m */,
			);
			name = "Supporting Files";
			sourceTree = "<group>";
		};
		554AF12A1DDCED0E00AC6899 /* Controller */ = {
			isa = PBXGroup;
			children = (
				554AF15D1DDE88FE00AC6899 /* AddStudentViewController.h */,
				554AF15E1DDE88FE00AC6899 /* AddStudentViewController.m */,
				554AF1161DDCECDD00AC6899 /* ViewController.h */,
				554AF1171DDCECDD00AC6899 /* ViewController.m */,
			);
			name = Controller;
			sourceTree = "<group>";
		};
		554AF12B1DDCED1900AC6899 /* Model */ = {
			isa = PBXGroup;
			children = (
				554AF15B1DDE7C8300AC6899 /* AddStudent.storyboard */,
				554AF11E1DDCECDD00AC6899 /* LaunchScreen.storyboard */,
				554AF1191DDCECDD00AC6899 /* Main.storyboard */,
				554AF1271DDCED0500AC6899 /* Student.h */,
				554AF1281DDCED0500AC6899 /* Student.m */,
				554AF12D1DDCF55300AC6899 /* StudentStore.h */,
				554AF12E1DDCF55300AC6899 /* StudentStore.m */,
			);
			name = Model;
			sourceTree = "<group>";
		};
		554AF12C1DDCF43A00AC6899 /* View */ = {
			isa = PBXGroup;
			children = (
				554AF1301DDD0EBC00AC6899 /* StudentTableViewCell.h */,
				554AF1311DDD0EBC00AC6899 /* StudentTableViewCell.m */,
			);
			name = View;
			sourceTree = "<group>";
		};
/* End PBXGroup section */

/* Begin PBXNativeTarget section */
		554AF10C1DDCECDD00AC6899 /* ClassRoster */ = {
			isa = PBXNativeTarget;
			buildConfigurationList = 554AF1241DDCECDD00AC6899 /* Build configuration list for PBXNativeTarget "ClassRoster" */;
			buildPhases = (
				554AF1091DDCECDD00AC6899 /* Sources */,
				554AF10A1DDCECDD00AC6899 /* Frameworks */,
				554AF10B1DDCECDD00AC6899 /* Resources */,
			);
			buildRules = (
			);
			dependencies = (
			);
			name = ClassRoster;
			productName = ClassRoster;
			productReference = 554AF10D1DDCECDD00AC6899 /* ClassRoster.app */;
			productType = "com.apple.product-type.application";
		};
/* End PBXNativeTarget section */

/* Begin PBXProject section */
		554AF1051DDCECDD00AC6899 /* Project object */ = {
			isa = PBXProject;
			attributes = {
				LastUpgradeCheck = 0810;
				ORGANIZATIONNAME = "Erica Winberry";
				TargetAttributes = {
					554AF10C1DDCECDD00AC6899 = {
						CreatedOnToolsVersion = 8.1;
						DevelopmentTeam = 4YFWUVNT8L;
						ProvisioningStyle = Automatic;
					};
				};
			};
			buildConfigurationList = 554AF1081DDCECDD00AC6899 /* Build configuration list for PBXProject "ClassRoster" */;
			compatibilityVersion = "Xcode 3.2";
			developmentRegion = English;
			hasScannedForEncodings = 0;
			knownRegions = (
				en,
				Base,
			);
			mainGroup = 554AF1041DDCECDD00AC6899;
			productRefGroup = 554AF10E1DDCECDD00AC6899 /* Products */;
			projectDirPath = "";
			projectRoot = "";
			targets = (
				554AF10C1DDCECDD00AC6899 /* ClassRoster */,
			);
		};
/* End PBXProject section */

/* Begin PBXResourcesBuildPhase section */
		554AF10B1DDCECDD00AC6899 /* Resources */ = {
			isa = PBXResourcesBuildPhase;
			buildActionMask = 2147483647;
			files = (
				554AF15C1DDE7C8300AC6899 /* AddStudent.storyboard in Resources */,
				554AF1201DDCECDD00AC6899 /* LaunchScreen.storyboard in Resources */,
				554AF11D1DDCECDD00AC6899 /* Assets.xcassets in Resources */,
				554AF11B1DDCECDD00AC6899 /* Main.storyboard in Resources */,
			);
			runOnlyForDeploymentPostprocessing = 0;
		};
/* End PBXResourcesBuildPhase section */

/* Begin PBXSourcesBuildPhase section */
		554AF1091DDCECDD00AC6899 /* Sources */ = {
			isa = PBXSourcesBuildPhase;
			buildActionMask = 2147483647;
			files = (
				554AF1181DDCECDD00AC6899 /* ViewController.m in Sources */,
				554AF1321DDD0EBC00AC6899 /* StudentTableViewCell.m in Sources */,
				554AF1151DDCECDD00AC6899 /* AppDelegate.m in Sources */,
				554AF12F1DDCF55300AC6899 /* StudentStore.m in Sources */,
				554AF1121DDCECDD00AC6899 /* main.m in Sources */,
				554AF15F1DDE88FE00AC6899 /* AddStudentViewController.m in Sources */,
				554AF1291DDCED0500AC6899 /* Student.m in Sources */,
			);
			runOnlyForDeploymentPostprocessing = 0;
		};
/* End PBXSourcesBuildPhase section */

/* Begin PBXVariantGroup section */
		554AF1191DDCECDD00AC6899 /* Main.storyboard */ = {
			isa = PBXVariantGroup;
			children = (
				554AF11A1DDCECDD00AC6899 /* Base */,
			);
			name = Main.storyboard;
			sourceTree = "<group>";
		};
		554AF11E1DDCECDD00AC6899 /* LaunchScreen.storyboard */ = {
			isa = PBXVariantGroup;
			children = (
				554AF11F1DDCECDD00AC6899 /* Base */,
			);
			name = LaunchScreen.storyboard;
			sourceTree = "<group>";
		};
/* End PBXVariantGroup section */

/* Begin XCBuildConfiguration section */
		554AF1221DDCECDD00AC6899 /* Debug */ = {
			isa = XCBuildConfiguration;
			buildSettings = {
				ALWAYS_SEARCH_USER_PATHS = NO;
				CLANG_ANALYZER_NONNULL = YES;
				CLANG_CXX_LANGUAGE_STANDARD = "gnu++0x";
				CLANG_CXX_LIBRARY = "libc++";
				CLANG_ENABLE_MODULES = YES;
				CLANG_ENABLE_OBJC_ARC = YES;
				CLANG_WARN_BOOL_CONVERSION = YES;
				CLANG_WARN_CONSTANT_CONVERSION = YES;
				CLANG_WARN_DIRECT_OBJC_ISA_USAGE = YES_ERROR;
				CLANG_WARN_DOCUMENTATION_COMMENTS = YES;
				CLANG_WARN_EMPTY_BODY = YES;
				CLANG_WARN_ENUM_CONVERSION = YES;
				CLANG_WARN_INFINITE_RECURSION = YES;
				CLANG_WARN_INT_CONVERSION = YES;
				CLANG_WARN_OBJC_ROOT_CLASS = YES_ERROR;
				CLANG_WARN_SUSPICIOUS_MOVES = YES;
				CLANG_WARN_UNREACHABLE_CODE = YES;
				CLANG_WARN__DUPLICATE_METHOD_MATCH = YES;
				"CODE_SIGN_IDENTITY[sdk=iphoneos*]" = "iPhone Developer";
				COPY_PHASE_STRIP = NO;
				DEBUG_INFORMATION_FORMAT = dwarf;
				ENABLE_STRICT_OBJC_MSGSEND = YES;
				ENABLE_TESTABILITY = YES;
				GCC_C_LANGUAGE_STANDARD = gnu99;
				GCC_DYNAMIC_NO_PIC = NO;
				GCC_NO_COMMON_BLOCKS = YES;
				GCC_OPTIMIZATION_LEVEL = 0;
				GCC_PREPROCESSOR_DEFINITIONS = (
					"DEBUG=1",
					"$(inherited)",
				);
				GCC_WARN_64_TO_32_BIT_CONVERSION = YES;
				GCC_WARN_ABOUT_RETURN_TYPE = YES_ERROR;
				GCC_WARN_UNDECLARED_SELECTOR = YES;
				GCC_WARN_UNINITIALIZED_AUTOS = YES_AGGRESSIVE;
				GCC_WARN_UNUSED_FUNCTION = YES;
				GCC_WARN_UNUSED_VARIABLE = YES;
				IPHONEOS_DEPLOYMENT_TARGET = 10.1;
				MTL_ENABLE_DEBUG_INFO = YES;
				ONLY_ACTIVE_ARCH = YES;
				SDKROOT = iphoneos;
				TARGETED_DEVICE_FAMILY = "1,2";
			};
			name = Debug;
		};
		554AF1231DDCECDD00AC6899 /* Release */ = {
			isa = XCBuildConfiguration;
			buildSettings = {
				ALWAYS_SEARCH_USER_PATHS = NO;
				CLANG_ANALYZER_NONNULL = YES;
				CLANG_CXX_LANGUAGE_STANDARD = "gnu++0x";
				CLANG_CXX_LIBRARY = "libc++";
				CLANG_ENABLE_MODULES = YES;
				CLANG_ENABLE_OBJC_ARC = YES;
				CLANG_WARN_BOOL_CONVERSION = YES;
				CLANG_WARN_CONSTANT_CONVERSION = YES;
				CLANG_WARN_DIRECT_OBJC_ISA_USAGE = YES_ERROR;
				CLANG_WARN_DOCUMENTATION_COMMENTS = YES;
				CLANG_WARN_EMPTY_BODY = YES;
				CLANG_WARN_ENUM_CONVERSION = YES;
				CLANG_WARN_INFINITE_RECURSION = YES;
				CLANG_WARN_INT_CONVERSION = YES;
				CLANG_WARN_OBJC_ROOT_CLASS = YES_ERROR;
				CLANG_WARN_SUSPICIOUS_MOVES = YES;
				CLANG_WARN_UNREACHABLE_CODE = YES;
				CLANG_WARN__DUPLICATE_METHOD_MATCH = YES;
				"CODE_SIGN_IDENTITY[sdk=iphoneos*]" = "iPhone Developer";
				COPY_PHASE_STRIP = NO;
				DEBUG_INFORMATION_FORMAT = "dwarf-with-dsym";
				ENABLE_NS_ASSERTIONS = NO;
				ENABLE_STRICT_OBJC_MSGSEND = YES;
				GCC_C_LANGUAGE_STANDARD = gnu99;
				GCC_NO_COMMON_BLOCKS = YES;
				GCC_WARN_64_TO_32_BIT_CONVERSION = YES;
				GCC_WARN_ABOUT_RETURN_TYPE = YES_ERROR;
				GCC_WARN_UNDECLARED_SELECTOR = YES;
				GCC_WARN_UNINITIALIZED_AUTOS = YES_AGGRESSIVE;
				GCC_WARN_UNUSED_FUNCTION = YES;
				GCC_WARN_UNUSED_VARIABLE = YES;
				IPHONEOS_DEPLOYMENT_TARGET = 10.1;
				MTL_ENABLE_DEBUG_INFO = NO;
				SDKROOT = iphoneos;
				TARGETED_DEVICE_FAMILY = "1,2";
				VALIDATE_PRODUCT = YES;
			};
			name = Release;
		};
		554AF1251DDCECDD00AC6899 /* Debug */ = {
			isa = XCBuildConfiguration;
			buildSettings = {
				ASSETCATALOG_COMPILER_APPICON_NAME = AppIcon;
				DEVELOPMENT_TEAM = 4YFWUVNT8L;
				INFOPLIST_FILE = ClassRoster/Info.plist;
				LD_RUNPATH_SEARCH_PATHS = "$(inherited) @executable_path/Frameworks";
				PRODUCT_BUNDLE_IDENTIFIER = com.ericawinberry.ClassRoster;
				PRODUCT_NAME = "$(TARGET_NAME)";
			};
			name = Debug;
		};
		554AF1261DDCECDD00AC6899 /* Release */ = {
			isa = XCBuildConfiguration;
			buildSettings = {
				ASSETCATALOG_COMPILER_APPICON_NAME = AppIcon;
				DEVELOPMENT_TEAM = 4YFWUVNT8L;
				INFOPLIST_FILE = ClassRoster/Info.plist;
				LD_RUNPATH_SEARCH_PATHS = "$(inherited) @executable_path/Frameworks";
				PRODUCT_BUNDLE_IDENTIFIER = com.ericawinberry.ClassRoster;
				PRODUCT_NAME = "$(TARGET_NAME)";
			};
			name = Release;
		};
/* End XCBuildConfiguration section */

/* Begin XCConfigurationList section */
		554AF1081DDCECDD00AC6899 /* Build configuration list for PBXProject "ClassRoster" */ = {
			isa = XCConfigurationList;
			buildConfigurations = (
				554AF1221DDCECDD00AC6899 /* Debug */,
				554AF1231DDCECDD00AC6899 /* Release */,
			);
			defaultConfigurationIsVisible = 0;
			defaultConfigurationName = Release;
		};
		554AF1241DDCECDD00AC6899 /* Build configuration list for PBXNativeTarget "ClassRoster" */ = {
			isa = XCConfigurationList;
			buildConfigurations = (
				554AF1251DDCECDD00AC6899 /* Debug */,
				554AF1261DDCECDD00AC6899 /* Release */,
			);
			defaultConfigurationIsVisible = 0;
			defaultConfigurationName = Release;
		};
/* End XCConfigurationList section */
	};
	rootObject = 554AF1051DDCECDD00AC6899 /* Project object */;
}
