// !$*UTF8*$!
{
	archiveVersion = 1;
	classes = {
	};
	objectVersion = 46;
	objects = {

/* Begin PBXBuildFile section */
		554AF0C61DDB80BA00AC6899 /* main.m in Sources */ = {isa = PBXBuildFile; fileRef = 554AF0C51DDB80BA00AC6899 /* main.m */; };
		554AF0C91DDB80BA00AC6899 /* AppDelegate.m in Sources */ = {isa = PBXBuildFile; fileRef = 554AF0C81DDB80BA00AC6899 /* AppDelegate.m */; };
		554AF0CC1DDB80BA00AC6899 /* ViewController.m in Sources */ = {isa = PBXBuildFile; fileRef = 554AF0CB1DDB80BA00AC6899 /* ViewController.m */; };
		554AF0CF1DDB80BA00AC6899 /* Main.storyboard in Resources */ = {isa = PBXBuildFile; fileRef = 554AF0CD1DDB80BA00AC6899 /* Main.storyboard */; };
		554AF0D11DDB80BA00AC6899 /* Assets.xcassets in Resources */ = {isa = PBXBuildFile; fileRef = 554AF0D01DDB80BA00AC6899 /* Assets.xcassets */; };
		554AF0D41DDB80BA00AC6899 /* LaunchScreen.storyboard in Resources */ = {isa = PBXBuildFile; fileRef = 554AF0D21DDB80BA00AC6899 /* LaunchScreen.storyboard */; };
		554AF0DD1DDBA2EE00AC6899 /* User.m in Sources */ = {isa = PBXBuildFile; fileRef = 554AF0DC1DDBA2EE00AC6899 /* User.m */; };
/* End PBXBuildFile section */

/* Begin PBXFileReference section */
		554AF0C11DDB80BA00AC6899 /* Day27Demo-MRC.app */ = {isa = PBXFileReference; explicitFileType = wrapper.application; includeInIndex = 0; path = "Day27Demo-MRC.app"; sourceTree = BUILT_PRODUCTS_DIR; };
		554AF0C51DDB80BA00AC6899 /* main.m */ = {isa = PBXFileReference; lastKnownFileType = sourcecode.c.objc; path = main.m; sourceTree = "<group>"; };
		554AF0C71DDB80BA00AC6899 /* AppDelegate.h */ = {isa = PBXFileReference; lastKnownFileType = sourcecode.c.h; path = AppDelegate.h; sourceTree = "<group>"; };
		554AF0C81DDB80BA00AC6899 /* AppDelegate.m */ = {isa = PBXFileReference; lastKnownFileType = sourcecode.c.objc; path = AppDelegate.m; sourceTree = "<group>"; };
		554AF0CA1DDB80BA00AC6899 /* ViewController.h */ = {isa = PBXFileReference; lastKnownFileType = sourcecode.c.h; path = ViewController.h; sourceTree = "<group>"; };
		554AF0CB1DDB80BA00AC6899 /* ViewController.m */ = {isa = PBXFileReference; lastKnownFileType = sourcecode.c.objc; path = ViewController.m; sourceTree = "<group>"; };
		554AF0CE1DDB80BA00AC6899 /* Base */ = {isa = PBXFileReference; lastKnownFileType = file.storyboard; name = Base; path = Base.lproj/Main.storyboard; sourceTree = "<group>"; };
		554AF0D01DDB80BA00AC6899 /* Assets.xcassets */ = {isa = PBXFileReference; lastKnownFileType = folder.assetcatalog; path = Assets.xcassets; sourceTree = "<group>"; };
		554AF0D31DDB80BA00AC6899 /* Base */ = {isa = PBXFileReference; lastKnownFileType = file.storyboard; name = Base; path = Base.lproj/LaunchScreen.storyboard; sourceTree = "<group>"; };
		554AF0D51DDB80BA00AC6899 /* Info.plist */ = {isa = PBXFileReference; lastKnownFileType = text.plist.xml; path = Info.plist; sourceTree = "<group>"; };
		554AF0DB1DDBA2EE00AC6899 /* User.h */ = {isa = PBXFileReference; fileEncoding = 4; lastKnownFileType = sourcecode.c.h; name = User.h; path = ../User.h; sourceTree = "<group>"; };
		554AF0DC1DDBA2EE00AC6899 /* User.m */ = {isa = PBXFileReference; fileEncoding = 4; lastKnownFileType = sourcecode.c.objc; name = User.m; path = ../User.m; sourceTree = "<group>"; };
/* End PBXFileReference section */

/* Begin PBXFrameworksBuildPhase section */
		554AF0BE1DDB80BA00AC6899 /* Frameworks */ = {
			isa = PBXFrameworksBuildPhase;
			buildActionMask = 2147483647;
			files = (
			);
			runOnlyForDeploymentPostprocessing = 0;
		};
/* End PBXFrameworksBuildPhase section */

/* Begin PBXGroup section */
		554AF0B81DDB80BA00AC6899 = {
			isa = PBXGroup;
			children = (
				554AF0C31DDB80BA00AC6899 /* Day27Demo */,
				554AF0C21DDB80BA00AC6899 /* Products */,
			);
			sourceTree = "<group>";
		};
		554AF0C21DDB80BA00AC6899 /* Products */ = {
			isa = PBXGroup;
			children = (
				554AF0C11DDB80BA00AC6899 /* Day27Demo-MRC.app */,
			);
			name = Products;
			sourceTree = "<group>";
		};
		554AF0C31DDB80BA00AC6899 /* Day27Demo */ = {
			isa = PBXGroup;
			children = (
				554AF0DB1DDBA2EE00AC6899 /* User.h */,
				554AF0DC1DDBA2EE00AC6899 /* User.m */,
				554AF0C71DDB80BA00AC6899 /* AppDelegate.h */,
				554AF0C81DDB80BA00AC6899 /* AppDelegate.m */,
				554AF0CA1DDB80BA00AC6899 /* ViewController.h */,
				554AF0CB1DDB80BA00AC6899 /* ViewController.m */,
				554AF0CD1DDB80BA00AC6899 /* Main.storyboard */,
				554AF0D01DDB80BA00AC6899 /* Assets.xcassets */,
				554AF0D21DDB80BA00AC6899 /* LaunchScreen.storyboard */,
				554AF0D51DDB80BA00AC6899 /* Info.plist */,
				554AF0C41DDB80BA00AC6899 /* Supporting Files */,
			);
			path = Day27Demo;
			sourceTree = "<group>";
		};
		554AF0C41DDB80BA00AC6899 /* Supporting Files */ = {
			isa = PBXGroup;
			children = (
				554AF0C51DDB80BA00AC6899 /* main.m */,
			);
			name = "Supporting Files";
			sourceTree = "<group>";
		};
/* End PBXGroup section */

/* Begin PBXNativeTarget section */
		554AF0C01DDB80BA00AC6899 /* Day27Demo-MRC */ = {
			isa = PBXNativeTarget;
			buildConfigurationList = 554AF0D81DDB80BA00AC6899 /* Build configuration list for PBXNativeTarget "Day27Demo-MRC" */;
			buildPhases = (
				554AF0BD1DDB80BA00AC6899 /* Sources */,
				554AF0BE1DDB80BA00AC6899 /* Frameworks */,
				554AF0BF1DDB80BA00AC6899 /* Resources */,
			);
			buildRules = (
			);
			dependencies = (
			);
			name = "Day27Demo-MRC";
			productName = Day27Demo;
			productReference = 554AF0C11DDB80BA00AC6899 /* Day27Demo-MRC.app */;
			productType = "com.apple.product-type.application";
		};
/* End PBXNativeTarget section */

/* Begin PBXProject section */
		554AF0B91DDB80BA00AC6899 /* Project object */ = {
			isa = PBXProject;
			attributes = {
				LastUpgradeCheck = 0810;
				ORGANIZATIONNAME = "Erica Winberry";
				TargetAttributes = {
					554AF0C01DDB80BA00AC6899 = {
						CreatedOnToolsVersion = 8.1;
						DevelopmentTeam = 4YFWUVNT8L;
						ProvisioningStyle = Automatic;
					};
				};
			};
			buildConfigurationList = 554AF0BC1DDB80BA00AC6899 /* Build configuration list for PBXProject "Day27Demo-MRC" */;
			compatibilityVersion = "Xcode 3.2";
			developmentRegion = English;
			hasScannedForEncodings = 0;
			knownRegions = (
				en,
				Base,
			);
			mainGroup = 554AF0B81DDB80BA00AC6899;
			productRefGroup = 554AF0C21DDB80BA00AC6899 /* Products */;
			projectDirPath = "";
			projectRoot = "";
			targets = (
				554AF0C01DDB80BA00AC6899 /* Day27Demo-MRC */,
			);
		};
/* End PBXProject section */

/* Begin PBXResourcesBuildPhase section */
		554AF0BF1DDB80BA00AC6899 /* Resources */ = {
			isa = PBXResourcesBuildPhase;
			buildActionMask = 2147483647;
			files = (
				554AF0D41DDB80BA00AC6899 /* LaunchScreen.storyboard in Resources */,
				554AF0D11DDB80BA00AC6899 /* Assets.xcassets in Resources */,
				554AF0CF1DDB80BA00AC6899 /* Main.storyboard in Resources */,
			);
			runOnlyForDeploymentPostprocessing = 0;
		};
/* End PBXResourcesBuildPhase section */

/* Begin PBXSourcesBuildPhase section */
		554AF0BD1DDB80BA00AC6899 /* Sources */ = {
			isa = PBXSourcesBuildPhase;
			buildActionMask = 2147483647;
			files = (
				554AF0DD1DDBA2EE00AC6899 /* User.m in Sources */,
				554AF0CC1DDB80BA00AC6899 /* ViewController.m in Sources */,
				554AF0C91DDB80BA00AC6899 /* AppDelegate.m in Sources */,
				554AF0C61DDB80BA00AC6899 /* main.m in Sources */,
			);
			runOnlyForDeploymentPostprocessing = 0;
		};
/* End PBXSourcesBuildPhase section */

/* Begin PBXVariantGroup section */
		554AF0CD1DDB80BA00AC6899 /* Main.storyboard */ = {
			isa = PBXVariantGroup;
			children = (
				554AF0CE1DDB80BA00AC6899 /* Base */,
			);
			name = Main.storyboard;
			sourceTree = "<group>";
		};
		554AF0D21DDB80BA00AC6899 /* LaunchScreen.storyboard */ = {
			isa = PBXVariantGroup;
			children = (
				554AF0D31DDB80BA00AC6899 /* Base */,
			);
			name = LaunchScreen.storyboard;
			sourceTree = "<group>";
		};
/* End PBXVariantGroup section */

/* Begin XCBuildConfiguration section */
		554AF0D61DDB80BA00AC6899 /* Debug */ = {
			isa = XCBuildConfiguration;
			buildSettings = {
				ALWAYS_SEARCH_USER_PATHS = NO;
				CLANG_ANALYZER_NONNULL = YES;
				CLANG_CXX_LANGUAGE_STANDARD = "gnu++0x";
				CLANG_CXX_LIBRARY = "libc++";
				CLANG_ENABLE_MODULES = YES;
				CLANG_ENABLE_OBJC_ARC = YES;
				CLANG_WARN_BOOL_CONVERSION = YES;
				CLANG_WARN_CONSTANT_CONVERSION = YES;
				CLANG_WARN_DIRECT_OBJC_ISA_USAGE = YES_ERROR;
				CLANG_WARN_DOCUMENTATION_COMMENTS = YES;
				CLANG_WARN_EMPTY_BODY = YES;
				CLANG_WARN_ENUM_CONVERSION = YES;
				CLANG_WARN_INFINITE_RECURSION = YES;
				CLANG_WARN_INT_CONVERSION = YES;
				CLANG_WARN_OBJC_ROOT_CLASS = YES_ERROR;
				CLANG_WARN_SUSPICIOUS_MOVES = YES;
				CLANG_WARN_UNREACHABLE_CODE = YES;
				CLANG_WARN__DUPLICATE_METHOD_MATCH = YES;
				"CODE_SIGN_IDENTITY[sdk=iphoneos*]" = "iPhone Developer";
				COPY_PHASE_STRIP = NO;
				DEBUG_INFORMATION_FORMAT = dwarf;
				ENABLE_STRICT_OBJC_MSGSEND = YES;
				ENABLE_TESTABILITY = YES;
				GCC_C_LANGUAGE_STANDARD = gnu99;
				GCC_DYNAMIC_NO_PIC = NO;
				GCC_NO_COMMON_BLOCKS = YES;
				GCC_OPTIMIZATION_LEVEL = 0;
				GCC_PREPROCESSOR_DEFINITIONS = (
					"DEBUG=1",
					"$(inherited)",
				);
				GCC_WARN_64_TO_32_BIT_CONVERSION = YES;
				GCC_WARN_ABOUT_RETURN_TYPE = YES_ERROR;
				GCC_WARN_UNDECLARED_SELECTOR = YES;
				GCC_WARN_UNINITIALIZED_AUTOS = YES_AGGRESSIVE;
				GCC_WARN_UNUSED_FUNCTION = YES;
				GCC_WARN_UNUSED_VARIABLE = YES;
				IPHONEOS_DEPLOYMENT_TARGET = 10.1;
				MTL_ENABLE_DEBUG_INFO = YES;
				ONLY_ACTIVE_ARCH = YES;
				SDKROOT = iphoneos;
				TARGETED_DEVICE_FAMILY = "1,2";
			};
			name = Debug;
		};
		554AF0D71DDB80BA00AC6899 /* Release */ = {
			isa = XCBuildConfiguration;
			buildSettings = {
				ALWAYS_SEARCH_USER_PATHS = NO;
				CLANG_ANALYZER_NONNULL = YES;
				CLANG_CXX_LANGUAGE_STANDARD = "gnu++0x";
				CLANG_CXX_LIBRARY = "libc++";
				CLANG_ENABLE_MODULES = YES;
				CLANG_ENABLE_OBJC_ARC = YES;
				CLANG_WARN_BOOL_CONVERSION = YES;
				CLANG_WARN_CONSTANT_CONVERSION = YES;
				CLANG_WARN_DIRECT_OBJC_ISA_USAGE = YES_ERROR;
				CLANG_WARN_DOCUMENTATION_COMMENTS = YES;
				CLANG_WARN_EMPTY_BODY = YES;
				CLANG_WARN_ENUM_CONVERSION = YES;
				CLANG_WARN_INFINITE_RECURSION = YES;
				CLANG_WARN_INT_CONVERSION = YES;
				CLANG_WARN_OBJC_ROOT_CLASS = YES_ERROR;
				CLANG_WARN_SUSPICIOUS_MOVES = YES;
				CLANG_WARN_UNREACHABLE_CODE = YES;
				CLANG_WARN__DUPLICATE_METHOD_MATCH = YES;
				"CODE_SIGN_IDENTITY[sdk=iphoneos*]" = "iPhone Developer";
				COPY_PHASE_STRIP = NO;
				DEBUG_INFORMATION_FORMAT = "dwarf-with-dsym";
				ENABLE_NS_ASSERTIONS = NO;
				ENABLE_STRICT_OBJC_MSGSEND = YES;
				GCC_C_LANGUAGE_STANDARD = gnu99;
				GCC_NO_COMMON_BLOCKS = YES;
				GCC_WARN_64_TO_32_BIT_CONVERSION = YES;
				GCC_WARN_ABOUT_RETURN_TYPE = YES_ERROR;
				GCC_WARN_UNDECLARED_SELECTOR = YES;
				GCC_WARN_UNINITIALIZED_AUTOS = YES_AGGRESSIVE;
				GCC_WARN_UNUSED_FUNCTION = YES;
				GCC_WARN_UNUSED_VARIABLE = YES;
				IPHONEOS_DEPLOYMENT_TARGET = 10.1;
				MTL_ENABLE_DEBUG_INFO = NO;
				SDKROOT = iphoneos;
				TARGETED_DEVICE_FAMILY = "1,2";
				VALIDATE_PRODUCT = YES;
			};
			name = Release;
		};
		554AF0D91DDB80BA00AC6899 /* Debug */ = {
			isa = XCBuildConfiguration;
			buildSettings = {
				ASSETCATALOG_COMPILER_APPICON_NAME = AppIcon;
				CLANG_ENABLE_OBJC_ARC = NO;
				DEVELOPMENT_TEAM = 4YFWUVNT8L;
				INFOPLIST_FILE = Day27Demo/Info.plist;
				LD_RUNPATH_SEARCH_PATHS = "$(inherited) @executable_path/Frameworks";
				PRODUCT_BUNDLE_IDENTIFIER = "com-elaewin.github.Day27Demo";
				PRODUCT_NAME = "$(TARGET_NAME)";
			};
			name = Debug;
		};
		554AF0DA1DDB80BA00AC6899 /* Release */ = {
			isa = XCBuildConfiguration;
			buildSettings = {
				ASSETCATALOG_COMPILER_APPICON_NAME = AppIcon;
				CLANG_ENABLE_OBJC_ARC = NO;
				DEVELOPMENT_TEAM = 4YFWUVNT8L;
				INFOPLIST_FILE = Day27Demo/Info.plist;
				LD_RUNPATH_SEARCH_PATHS = "$(inherited) @executable_path/Frameworks";
				PRODUCT_BUNDLE_IDENTIFIER = "com-elaewin.github.Day27Demo";
				PRODUCT_NAME = "$(TARGET_NAME)";
			};
			name = Release;
		};
/* End XCBuildConfiguration section */

/* Begin XCConfigurationList section */
		554AF0BC1DDB80BA00AC6899 /* Build configuration list for PBXProject "Day27Demo-MRC" */ = {
			isa = XCConfigurationList;
			buildConfigurations = (
				554AF0D61DDB80BA00AC6899 /* Debug */,
				554AF0D71DDB80BA00AC6899 /* Release */,
			);
			defaultConfigurationIsVisible = 0;
			defaultConfigurationName = Release;
		};
		554AF0D81DDB80BA00AC6899 /* Build configuration list for PBXNativeTarget "Day27Demo-MRC" */ = {
			isa = XCConfigurationList;
			buildConfigurations = (
				554AF0D91DDB80BA00AC6899 /* Debug */,
				554AF0DA1DDB80BA00AC6899 /* Release */,
			);
			defaultConfigurationIsVisible = 0;
			defaultConfigurationName = Release;
		};
/* End XCConfigurationList section */
	};
	rootObject = 554AF0B91DDB80BA00AC6899 /* Project object */;
}
